{
    "_meta": {
        "hash": {
            "sha256": "698ab5ed041b543c6cd3a22247e77a9a887de9eb996e746a3ad8673afc589f93"
        },
        "host-environment-markers": {
            "implementation_name": "cpython",
            "implementation_version": "3.6.4",
            "os_name": "posix",
            "platform_machine": "x86_64",
            "platform_python_implementation": "CPython",
            "platform_release": "4.14.15-1-ARCH",
            "platform_system": "Linux",
            "platform_version": "#1 SMP PREEMPT Tue Jan 23 21:49:25 UTC 2018",
            "python_full_version": "3.6.4",
            "python_version": "3.6",
            "sys_platform": "linux"
        },
        "pipfile-spec": 6,
        "requires": {},
        "sources": [
            {
                "name": "pypi",
                "url": "https://pypi.python.org/simple",
                "verify_ssl": true
            }
        ]
    },
    "default": {
        "imapclient": {
            "hashes": [
                "sha256:c35b57a4bb4a93ebfec84676000364ff2b0f049abffd934a0472fa14dc20c6e2",
                "sha256:de02cedbb5de2f061907fcbfb1a85a1f6ebfb8b5fa523bc003670fb02222e579"
            ],
            "version": "==2.0.0"
        },
        "six": {
            "hashes": [
                "sha256:832dc0e10feb1aa2c68dcc57dbb658f1c7e65b9b61af69048abc87a2db00a0eb",
                "sha256:70e8a77beed4562e7f14fe23a786b54f6296e34344c23bc42f07b15018ff98e9"
            ],
            "version": "==1.11.0"
        }
    },
    "develop": {}
}
